name: update-flake-lock
on:
  workflow_dispatch: # allows manual triggering
  pull_request: # triggers on every Pull Request
  schedule:
    - cron: '0 0 * * 0' # runs every sunday at 00:00

jobs:
  lockfile:
    runs-on: ubuntu-latest
    steps:
      - name: Checkout repository
        uses: actions/checkout@v4
      - name: Install Nix
        uses: DeterminateSystems/nix-installer-action@v1
      - name: Update flake.lock
        if: ${{ github.event_name != 'pull_request' }}
        uses: DeterminateSystems/update-flake-lock@v24
      - run: "gh pr merge --auto --merge ${{ steps.update.outputs.pull-request-number }}"
        env:
         GH_TOKEN: ${{ github.token }}
